// !$*UTF8*$!
{
	archiveVersion = 1;
	classes = {
	};
	objectVersion = 46;
	objects = {

/* Begin PBXBuildFile section */
		05EB70CD16B3BD5E00D00C3A /* UIKit.framework in Frameworks */ = {isa = PBXBuildFile; fileRef = 05EB70CC16B3BD5E00D00C3A /* UIKit.framework */; };
		05EB70CF16B3BD5E00D00C3A /* Foundation.framework in Frameworks */ = {isa = PBXBuildFile; fileRef = 05EB70CE16B3BD5E00D00C3A /* Foundation.framework */; };
		05EB70D116B3BD5E00D00C3A /* CoreGraphics.framework in Frameworks */ = {isa = PBXBuildFile; fileRef = 05EB70D016B3BD5E00D00C3A /* CoreGraphics.framework */; };
		05EB70D716B3BD5E00D00C3A /* InfoPlist.strings in Resources */ = {isa = PBXBuildFile; fileRef = 05EB70D516B3BD5E00D00C3A /* InfoPlist.strings */; };
		05EB70D916B3BD5E00D00C3A /* main.m in Sources */ = {isa = PBXBuildFile; fileRef = 05EB70D816B3BD5E00D00C3A /* main.m */; };
		05EB70DD16B3BD5E00D00C3A /* AppDelegate.m in Sources */ = {isa = PBXBuildFile; fileRef = 05EB70DC16B3BD5E00D00C3A /* AppDelegate.m */; };
		05EB70E016B3BD5E00D00C3A /* FirstViewController.m in Sources */ = {isa = PBXBuildFile; fileRef = 05EB70DF16B3BD5E00D00C3A /* FirstViewController.m */; };
		05EB70E216B3BD5E00D00C3A /* first.png in Resources */ = {isa = PBXBuildFile; fileRef = 05EB70E116B3BD5E00D00C3A /* first.png */; };
		05EB70E416B3BD5E00D00C3A /* first@2x.png in Resources */ = {isa = PBXBuildFile; fileRef = 05EB70E316B3BD5E00D00C3A /* first@2x.png */; };
		05EB70E716B3BD5E00D00C3A /* SecondViewController.m in Sources */ = {isa = PBXBuildFile; fileRef = 05EB70E616B3BD5E00D00C3A /* SecondViewController.m */; };
		05EB70E916B3BD5E00D00C3A /* second.png in Resources */ = {isa = PBXBuildFile; fileRef = 05EB70E816B3BD5E00D00C3A /* second.png */; };
		05EB70EB16B3BD5E00D00C3A /* second@2x.png in Resources */ = {isa = PBXBuildFile; fileRef = 05EB70EA16B3BD5E00D00C3A /* second@2x.png */; };
		05EB70EE16B3BD5E00D00C3A /* FirstViewController.xib in Resources */ = {isa = PBXBuildFile; fileRef = 05EB70EC16B3BD5E00D00C3A /* FirstViewController.xib */; };
		05EB70F116B3BD5E00D00C3A /* SecondViewController.xib in Resources */ = {isa = PBXBuildFile; fileRef = 05EB70EF16B3BD5E00D00C3A /* SecondViewController.xib */; };
/* End PBXBuildFile section */

/* Begin PBXFileReference section */
		05EB70C816B3BD5E00D00C3A /* Vidya Valley.app */ = {isa = PBXFileReference; explicitFileType = wrapper.application; includeInIndex = 0; path = "Vidya Valley.app"; sourceTree = BUILT_PRODUCTS_DIR; };
		05EB70CC16B3BD5E00D00C3A /* UIKit.framework */ = {isa = PBXFileReference; lastKnownFileType = wrapper.framework; name = UIKit.framework; path = System/Library/Frameworks/UIKit.framework; sourceTree = SDKROOT; };
		05EB70CE16B3BD5E00D00C3A /* Foundation.framework */ = {isa = PBXFileReference; lastKnownFileType = wrapper.framework; name = Foundation.framework; path = System/Library/Frameworks/Foundation.framework; sourceTree = SDKROOT; };
		05EB70D016B3BD5E00D00C3A /* CoreGraphics.framework */ = {isa = PBXFileReference; lastKnownFileType = wrapper.framework; name = CoreGraphics.framework; path = System/Library/Frameworks/CoreGraphics.framework; sourceTree = SDKROOT; };
		05EB70D416B3BD5E00D00C3A /* Vidya Valley-Info.plist */ = {isa = PBXFileReference; lastKnownFileType = text.plist.xml; path = "Vidya Valley-Info.plist"; sourceTree = "<group>"; };
		05EB70D616B3BD5E00D00C3A /* en */ = {isa = PBXFileReference; lastKnownFileType = text.plist.strings; name = en; path = en.lproj/InfoPlist.strings; sourceTree = "<group>"; };
		05EB70D816B3BD5E00D00C3A /* main.m */ = {isa = PBXFileReference; lastKnownFileType = sourcecode.c.objc; path = main.m; sourceTree = "<group>"; };
		05EB70DA16B3BD5E00D00C3A /* Vidya Valley-Prefix.pch */ = {isa = PBXFileReference; lastKnownFileType = sourcecode.c.h; path = "Vidya Valley-Prefix.pch"; sourceTree = "<group>"; };
		05EB70DB16B3BD5E00D00C3A /* AppDelegate.h */ = {isa = PBXFileReference; lastKnownFileType = sourcecode.c.h; path = AppDelegate.h; sourceTree = "<group>"; };
		05EB70DC16B3BD5E00D00C3A /* AppDelegate.m */ = {isa = PBXFileReference; lastKnownFileType = sourcecode.c.objc; path = AppDelegate.m; sourceTree = "<group>"; };
		05EB70DE16B3BD5E00D00C3A /* FirstViewController.h */ = {isa = PBXFileReference; lastKnownFileType = sourcecode.c.h; path = FirstViewController.h; sourceTree = "<group>"; };
		05EB70DF16B3BD5E00D00C3A /* FirstViewController.m */ = {isa = PBXFileReference; lastKnownFileType = sourcecode.c.objc; path = FirstViewController.m; sourceTree = "<group>"; };
		05EB70E116B3BD5E00D00C3A /* first.png */ = {isa = PBXFileReference; lastKnownFileType = image.png; path = first.png; sourceTree = "<group>"; };
		05EB70E316B3BD5E00D00C3A /* first@2x.png */ = {isa = PBXFileReference; lastKnownFileType = image.png; path = "first@2x.png"; sourceTree = "<group>"; };
		05EB70E516B3BD5E00D00C3A /* SecondViewController.h */ = {isa = PBXFileReference; lastKnownFileType = sourcecode.c.h; path = SecondViewController.h; sourceTree = "<group>"; };
		05EB70E616B3BD5E00D00C3A /* SecondViewController.m */ = {isa = PBXFileReference; lastKnownFileType = sourcecode.c.objc; path = SecondViewController.m; sourceTree = "<group>"; };
		05EB70E816B3BD5E00D00C3A /* second.png */ = {isa = PBXFileReference; lastKnownFileType = image.png; path = second.png; sourceTree = "<group>"; };
		05EB70EA16B3BD5E00D00C3A /* second@2x.png */ = {isa = PBXFileReference; lastKnownFileType = image.png; path = "second@2x.png"; sourceTree = "<group>"; };
		05EB70ED16B3BD5E00D00C3A /* en */ = {isa = PBXFileReference; lastKnownFileType = file.xib; name = en; path = en.lproj/FirstViewController.xib; sourceTree = "<group>"; };
		05EB70F016B3BD5E00D00C3A /* en */ = {isa = PBXFileReference; lastKnownFileType = file.xib; name = en; path = en.lproj/SecondViewController.xib; sourceTree = "<group>"; };
/* End PBXFileReference section */

/* Begin PBXFrameworksBuildPhase section */
		05EB70C516B3BD5E00D00C3A /* Frameworks */ = {
			isa = PBXFrameworksBuildPhase;
			buildActionMask = 2147483647;
			files = (
				05EB70CD16B3BD5E00D00C3A /* UIKit.framework in Frameworks */,
				05EB70CF16B3BD5E00D00C3A /* Foundation.framework in Frameworks */,
				05EB70D116B3BD5E00D00C3A /* CoreGraphics.framework in Frameworks */,
			);
			runOnlyForDeploymentPostprocessing = 0;
		};
/* End PBXFrameworksBuildPhase section */

/* Begin PBXGroup section */
		05EB70BD16B3BD5E00D00C3A = {
			isa = PBXGroup;
			children = (
				05EB70D216B3BD5E00D00C3A /* Vidya Valley */,
				05EB70CB16B3BD5E00D00C3A /* Frameworks */,
				05EB70C916B3BD5E00D00C3A /* Products */,
			);
			sourceTree = "<group>";
		};
		05EB70C916B3BD5E00D00C3A /* Products */ = {
			isa = PBXGroup;
			children = (
				05EB70C816B3BD5E00D00C3A /* Vidya Valley.app */,
			);
			name = Products;
			sourceTree = "<group>";
		};
		05EB70CB16B3BD5E00D00C3A /* Frameworks */ = {
			isa = PBXGroup;
			children = (
				05EB70CC16B3BD5E00D00C3A /* UIKit.framework */,
				05EB70CE16B3BD5E00D00C3A /* Foundation.framework */,
				05EB70D016B3BD5E00D00C3A /* CoreGraphics.framework */,
			);
			name = Frameworks;
			sourceTree = "<group>";
		};
		05EB70D216B3BD5E00D00C3A /* Vidya Valley */ = {
			isa = PBXGroup;
			children = (
				05EB70DB16B3BD5E00D00C3A /* AppDelegate.h */,
				05EB70DC16B3BD5E00D00C3A /* AppDelegate.m */,
				05EB70DE16B3BD5E00D00C3A /* FirstViewController.h */,
				05EB70DF16B3BD5E00D00C3A /* FirstViewController.m */,
				05EB70E116B3BD5E00D00C3A /* first.png */,
				05EB70E316B3BD5E00D00C3A /* first@2x.png */,
				05EB70E516B3BD5E00D00C3A /* SecondViewController.h */,
				05EB70E616B3BD5E00D00C3A /* SecondViewController.m */,
				05EB70E816B3BD5E00D00C3A /* second.png */,
				05EB70EA16B3BD5E00D00C3A /* second@2x.png */,
				05EB70EC16B3BD5E00D00C3A /* FirstViewController.xib */,
				05EB70EF16B3BD5E00D00C3A /* SecondViewController.xib */,
				05EB70D316B3BD5E00D00C3A /* Supporting Files */,
			);
			path = "Vidya Valley";
			sourceTree = "<group>";
		};
		05EB70D316B3BD5E00D00C3A /* Supporting Files */ = {
			isa = PBXGroup;
			children = (
				05EB70D416B3BD5E00D00C3A /* Vidya Valley-Info.plist */,
				05EB70D516B3BD5E00D00C3A /* InfoPlist.strings */,
				05EB70D816B3BD5E00D00C3A /* main.m */,
				05EB70DA16B3BD5E00D00C3A /* Vidya Valley-Prefix.pch */,
			);
			name = "Supporting Files";
			sourceTree = "<group>";
		};
/* End PBXGroup section */

/* Begin PBXNativeTarget section */
		05EB70C716B3BD5E00D00C3A /* Vidya Valley */ = {
			isa = PBXNativeTarget;
			buildConfigurationList = 05EB70F416B3BD5E00D00C3A /* Build configuration list for PBXNativeTarget "Vidya Valley" */;
			buildPhases = (
				05EB70C416B3BD5E00D00C3A /* Sources */,
				05EB70C516B3BD5E00D00C3A /* Frameworks */,
				05EB70C616B3BD5E00D00C3A /* Resources */,
			);
			buildRules = (
			);
			dependencies = (
			);
			name = "Vidya Valley";
			productName = "Vidya Valley";
			productReference = 05EB70C816B3BD5E00D00C3A /* Vidya Valley.app */;
			productType = "com.apple.product-type.application";
		};
/* End PBXNativeTarget section */

/* Begin PBXProject section */
		05EB70BF16B3BD5E00D00C3A /* Project object */ = {
			isa = PBXProject;
			attributes = {
				LastUpgradeCheck = 0440;
				ORGANIZATIONNAME = "Gopal Amin";
			};
			buildConfigurationList = 05EB70C216B3BD5E00D00C3A /* Build configuration list for PBXProject "Vidya Valley" */;
			compatibilityVersion = "Xcode 3.2";
			developmentRegion = English;
			hasScannedForEncodings = 0;
			knownRegions = (
				en,
			);
			mainGroup = 05EB70BD16B3BD5E00D00C3A;
			productRefGroup = 05EB70C916B3BD5E00D00C3A /* Products */;
			projectDirPath = "";
			projectRoot = "";
			targets = (
				05EB70C716B3BD5E00D00C3A /* Vidya Valley */,
			);
		};
/* End PBXProject section */

/* Begin PBXResourcesBuildPhase section */
		05EB70C616B3BD5E00D00C3A /* Resources */ = {
			isa = PBXResourcesBuildPhase;
			buildActionMask = 2147483647;
			files = (
				05EB70D716B3BD5E00D00C3A /* InfoPlist.strings in Resources */,
				05EB70E216B3BD5E00D00C3A /* first.png in Resources */,
				05EB70E416B3BD5E00D00C3A /* first@2x.png in Resources */,
				05EB70E916B3BD5E00D00C3A /* second.png in Resources */,
				05EB70EB16B3BD5E00D00C3A /* second@2x.png in Resources */,
				05EB70EE16B3BD5E00D00C3A /* FirstViewController.xib in Resources */,
				05EB70F116B3BD5E00D00C3A /* SecondViewController.xib in Resources */,
			);
			runOnlyForDeploymentPostprocessing = 0;
		};
/* End PBXResourcesBuildPhase section */

/* Begin PBXSourcesBuildPhase section */
		05EB70C416B3BD5E00D00C3A /* Sources */ = {
			isa = PBXSourcesBuildPhase;
			buildActionMask = 2147483647;
			files = (
				05EB70D916B3BD5E00D00C3A /* main.m in Sources */,
				05EB70DD16B3BD5E00D00C3A /* AppDelegate.m in Sources */,
				05EB70E016B3BD5E00D00C3A /* FirstViewController.m in Sources */,
				05EB70E716B3BD5E00D00C3A /* SecondViewController.m in Sources */,
			);
			runOnlyForDeploymentPostprocessing = 0;
		};
/* End PBXSourcesBuildPhase section */

/* Begin PBXVariantGroup section */
		05EB70D516B3BD5E00D00C3A /* InfoPlist.strings */ = {
			isa = PBXVariantGroup;
			children = (
				05EB70D616B3BD5E00D00C3A /* en */,
			);
			name = InfoPlist.strings;
			sourceTree = "<group>";
		};
		05EB70EC16B3BD5E00D00C3A /* FirstViewController.xib */ = {
			isa = PBXVariantGroup;
			children = (
				05EB70ED16B3BD5E00D00C3A /* en */,
			);
			name = FirstViewController.xib;
			sourceTree = "<group>";
		};
		05EB70EF16B3BD5E00D00C3A /* SecondViewController.xib */ = {
			isa = PBXVariantGroup;
			children = (
				05EB70F016B3BD5E00D00C3A /* en */,
			);
			name = SecondViewController.xib;
			sourceTree = "<group>";
		};
/* End PBXVariantGroup section */

/* Begin XCBuildConfiguration section */
		05EB70F216B3BD5E00D00C3A /* Debug */ = {
			isa = XCBuildConfiguration;
			buildSettings = {
				ALWAYS_SEARCH_USER_PATHS = NO;
				ARCHS = "$(ARCHS_STANDARD_32_BIT)";
				CLANG_CXX_LANGUAGE_STANDARD = "gnu++0x";
				CLANG_WARN__DUPLICATE_METHOD_MATCH = YES;
				"CODE_SIGN_IDENTITY[sdk=iphoneos*]" = "iPhone Developer";
				COPY_PHASE_STRIP = NO;
				GCC_C_LANGUAGE_STANDARD = gnu99;
				GCC_DYNAMIC_NO_PIC = NO;
				GCC_OPTIMIZATION_LEVEL = 0;
				GCC_PREPROCESSOR_DEFINITIONS = (
					"DEBUG=1",
					"$(inherited)",
				);
				GCC_SYMBOLS_PRIVATE_EXTERN = NO;
				GCC_VERSION = com.apple.compilers.llvm.clang.1_0;
				GCC_WARN_ABOUT_RETURN_TYPE = YES;
				GCC_WARN_UNINITIALIZED_AUTOS = YES;
				GCC_WARN_UNUSED_VARIABLE = YES;
				IPHONEOS_DEPLOYMENT_TARGET = 5.1;
				SDKROOT = iphoneos;
			};
			name = Debug;
		};
		05EB70F316B3BD5E00D00C3A /* Release */ = {
			isa = XCBuildConfiguration;
			buildSettings = {
				ALWAYS_SEARCH_USER_PATHS = NO;
				ARCHS = "$(ARCHS_STANDARD_32_BIT)";
				CLANG_CXX_LANGUAGE_STANDARD = "gnu++0x";
				CLANG_WARN__DUPLICATE_METHOD_MATCH = YES;
				"CODE_SIGN_IDENTITY[sdk=iphoneos*]" = "iPhone Developer";
				COPY_PHASE_STRIP = YES;
				GCC_C_LANGUAGE_STANDARD = gnu99;
				GCC_VERSION = com.apple.compilers.llvm.clang.1_0;
				GCC_WARN_ABOUT_RETURN_TYPE = YES;
				GCC_WARN_UNINITIALIZED_AUTOS = YES;
				GCC_WARN_UNUSED_VARIABLE = YES;
				IPHONEOS_DEPLOYMENT_TARGET = 5.1;
				OTHER_CFLAGS = "-DNS_BLOCK_ASSERTIONS=1";
				SDKROOT = iphoneos;
				VALIDATE_PRODUCT = YES;
			};
			name = Release;
		};
		05EB70F516B3BD5E00D00C3A /* Debug */ = {
			isa = XCBuildConfiguration;
			buildSettings = {
				GCC_PRECOMPILE_PREFIX_HEADER = YES;
				GCC_PREFIX_HEADER = "Vidya Valley/Vidya Valley-Prefix.pch";
				INFOPLIST_FILE = "Vidya Valley/Vidya Valley-Info.plist";
				PRODUCT_NAME = "$(TARGET_NAME)";
				WRAPPER_EXTENSION = app;
			};
			name = Debug;
		};
		05EB70F616B3BD5E00D00C3A /* Release */ = {
			isa = XCBuildConfiguration;
			buildSettings = {
				GCC_PRECOMPILE_PREFIX_HEADER = YES;
				GCC_PREFIX_HEADER = "Vidya Valley/Vidya Valley-Prefix.pch";
				INFOPLIST_FILE = "Vidya Valley/Vidya Valley-Info.plist";
				PRODUCT_NAME = "$(TARGET_NAME)";
				WRAPPER_EXTENSION = app;
			};
			name = Release;
		};
/* End XCBuildConfiguration section */

/* Begin XCConfigurationList section */
		05EB70C216B3BD5E00D00C3A /* Build configuration list for PBXProject "Vidya Valley" */ = {
			isa = XCConfigurationList;
			buildConfigurations = (
				05EB70F216B3BD5E00D00C3A /* Debug */,
				05EB70F316B3BD5E00D00C3A /* Release */,
			);
			defaultConfigurationIsVisible = 0;
			defaultConfigurationName = Release;
		};
		05EB70F416B3BD5E00D00C3A /* Build configuration list for PBXNativeTarget "Vidya Valley" */ = {
			isa = XCConfigurationList;
			buildConfigurations = (
				05EB70F516B3BD5E00D00C3A /* Debug */,
				05EB70F616B3BD5E00D00C3A /* Release */,
			);
			defaultConfigurationIsVisible = 0;
		};
/* End XCConfigurationList section */
	};
	rootObject = 05EB70BF16B3BD5E00D00C3A /* Project object */;
}
